// !$*UTF8*$!
{
	archiveVersion = 1;
	classes = {
	};
	objectVersion = 56;
	objects = {

/* Begin PBXBuildFile section */
		420CA9A92A28521300D98FE1 /* ShotsViewController.swift in Sources */ = {isa = PBXBuildFile; fileRef = 420CA9A82A28521300D98FE1 /* ShotsViewController.swift */; };
		420CA9AB2A28522800D98FE1 /* ShotsViewModel.swift in Sources */ = {isa = PBXBuildFile; fileRef = 420CA9AA2A28522800D98FE1 /* ShotsViewModel.swift */; };
		420CA9AD2A28523A00D98FE1 /* Shots.storyboard in Resources */ = {isa = PBXBuildFile; fileRef = 420CA9AC2A28523A00D98FE1 /* Shots.storyboard */; };
		420CA9B12A28C8AC00D98FE1 /* ShotsTableViewCell.swift in Sources */ = {isa = PBXBuildFile; fileRef = 420CA9AF2A28C8AC00D98FE1 /* ShotsTableViewCell.swift */; };
		420CA9B22A28C8AC00D98FE1 /* ShotsTableViewCell.xib in Resources */ = {isa = PBXBuildFile; fileRef = 420CA9B02A28C8AC00D98FE1 /* ShotsTableViewCell.xib */; };
		421375392A27A58E003CB81B /* AppDelegate.swift in Sources */ = {isa = PBXBuildFile; fileRef = 421375382A27A58E003CB81B /* AppDelegate.swift */; };
		4213753B2A27A58E003CB81B /* SceneDelegate.swift in Sources */ = {isa = PBXBuildFile; fileRef = 4213753A2A27A58E003CB81B /* SceneDelegate.swift */; };
		421375432A27A58E003CB81B /* ApiLocalStorageVideoRecorder.xcdatamodeld in Sources */ = {isa = PBXBuildFile; fileRef = 421375412A27A58E003CB81B /* ApiLocalStorageVideoRecorder.xcdatamodeld */; };
		421375452A27A590003CB81B /* Assets.xcassets in Resources */ = {isa = PBXBuildFile; fileRef = 421375442A27A590003CB81B /* Assets.xcassets */; };
		421375482A27A590003CB81B /* LaunchScreen.storyboard in Resources */ = {isa = PBXBuildFile; fileRef = 421375462A27A590003CB81B /* LaunchScreen.storyboard */; };
		421375512A27AD45003CB81B /* NetworkManager.swift in Sources */ = {isa = PBXBuildFile; fileRef = 421375502A27AD45003CB81B /* NetworkManager.swift */; };
		421375542A27AEFE003CB81B /* PlayerModel.swift in Sources */ = {isa = PBXBuildFile; fileRef = 421375532A27AEFE003CB81B /* PlayerModel.swift */; };
		421375572A27B86C003CB81B /* PlayerManager.swift in Sources */ = {isa = PBXBuildFile; fileRef = 421375562A27B86C003CB81B /* PlayerManager.swift */; };
		4213755B2A27C37D003CB81B /* CoreDataManager.swift in Sources */ = {isa = PBXBuildFile; fileRef = 4213755A2A27C37D003CB81B /* CoreDataManager.swift */; };
		4213755E2A27FAE8003CB81B /* PlayersViewController.swift in Sources */ = {isa = PBXBuildFile; fileRef = 4213755D2A27FAE8003CB81B /* PlayersViewController.swift */; };
		421375602A27FB58003CB81B /* PlayersViewModel.swift in Sources */ = {isa = PBXBuildFile; fileRef = 4213755F2A27FB58003CB81B /* PlayersViewModel.swift */; };
		421375622A27FE4B003CB81B /* Players.storyboard in Resources */ = {isa = PBXBuildFile; fileRef = 421375612A27FE4B003CB81B /* Players.storyboard */; };
		421375662A27FF64003CB81B /* PlayersTableViewCell.swift in Sources */ = {isa = PBXBuildFile; fileRef = 421375642A27FF64003CB81B /* PlayersTableViewCell.swift */; };
		421375672A27FF64003CB81B /* PlayersTableViewCell.xib in Resources */ = {isa = PBXBuildFile; fileRef = 421375652A27FF64003CB81B /* PlayersTableViewCell.xib */; };
		421375692A28282B003CB81B /* UpdatePlayerManager.swift in Sources */ = {isa = PBXBuildFile; fileRef = 421375682A28282B003CB81B /* UpdatePlayerManager.swift */; };
		42FA0D8C2A28DDC500B30337 /* ShotDetailViewController.swift in Sources */ = {isa = PBXBuildFile; fileRef = 42FA0D8B2A28DDC500B30337 /* ShotDetailViewController.swift */; };
		42FA0D8E2A28DEF300B30337 /* ShotDetailViewModel.swift in Sources */ = {isa = PBXBuildFile; fileRef = 42FA0D8D2A28DEF300B30337 /* ShotDetailViewModel.swift */; };
		42FA0D902A28DF0800B30337 /* ShotDetail.storyboard in Resources */ = {isa = PBXBuildFile; fileRef = 42FA0D8F2A28DF0800B30337 /* ShotDetail.storyboard */; };
		42FA0D922A29730100B30337 /* VideoManager.swift in Sources */ = {isa = PBXBuildFile; fileRef = 42FA0D912A29730100B30337 /* VideoManager.swift */; };
/* End PBXBuildFile section */

/* Begin PBXFileReference section */
		420CA9A82A28521300D98FE1 /* ShotsViewController.swift */ = {isa = PBXFileReference; lastKnownFileType = sourcecode.swift; path = ShotsViewController.swift; sourceTree = "<group>"; };
		420CA9AA2A28522800D98FE1 /* ShotsViewModel.swift */ = {isa = PBXFileReference; lastKnownFileType = sourcecode.swift; path = ShotsViewModel.swift; sourceTree = "<group>"; };
		420CA9AC2A28523A00D98FE1 /* Shots.storyboard */ = {isa = PBXFileReference; lastKnownFileType = file.storyboard; path = Shots.storyboard; sourceTree = "<group>"; };
		420CA9AF2A28C8AC00D98FE1 /* ShotsTableViewCell.swift */ = {isa = PBXFileReference; lastKnownFileType = sourcecode.swift; path = ShotsTableViewCell.swift; sourceTree = "<group>"; };
		420CA9B02A28C8AC00D98FE1 /* ShotsTableViewCell.xib */ = {isa = PBXFileReference; lastKnownFileType = file.xib; path = ShotsTableViewCell.xib; sourceTree = "<group>"; };
		421375352A27A58E003CB81B /* ApiLocalStorageVideoRecorder.app */ = {isa = PBXFileReference; explicitFileType = wrapper.application; includeInIndex = 0; path = ApiLocalStorageVideoRecorder.app; sourceTree = BUILT_PRODUCTS_DIR; };
		421375382A27A58E003CB81B /* AppDelegate.swift */ = {isa = PBXFileReference; lastKnownFileType = sourcecode.swift; path = AppDelegate.swift; sourceTree = "<group>"; };
		4213753A2A27A58E003CB81B /* SceneDelegate.swift */ = {isa = PBXFileReference; lastKnownFileType = sourcecode.swift; path = SceneDelegate.swift; sourceTree = "<group>"; };
		421375422A27A58E003CB81B /* ApiLocalStorageVideoRecorder.xcdatamodel */ = {isa = PBXFileReference; lastKnownFileType = wrapper.xcdatamodel; path = ApiLocalStorageVideoRecorder.xcdatamodel; sourceTree = "<group>"; };
		421375442A27A590003CB81B /* Assets.xcassets */ = {isa = PBXFileReference; lastKnownFileType = folder.assetcatalog; path = Assets.xcassets; sourceTree = "<group>"; };
		421375472A27A590003CB81B /* Base */ = {isa = PBXFileReference; lastKnownFileType = file.storyboard; name = Base; path = Base.lproj/LaunchScreen.storyboard; sourceTree = "<group>"; };
		421375492A27A590003CB81B /* Info.plist */ = {isa = PBXFileReference; lastKnownFileType = text.plist.xml; path = Info.plist; sourceTree = "<group>"; };
		421375502A27AD45003CB81B /* NetworkManager.swift */ = {isa = PBXFileReference; lastKnownFileType = sourcecode.swift; path = NetworkManager.swift; sourceTree = "<group>"; };
		421375532A27AEFE003CB81B /* PlayerModel.swift */ = {isa = PBXFileReference; lastKnownFileType = sourcecode.swift; path = PlayerModel.swift; sourceTree = "<group>"; };
		421375562A27B86C003CB81B /* PlayerManager.swift */ = {isa = PBXFileReference; lastKnownFileType = sourcecode.swift; path = PlayerManager.swift; sourceTree = "<group>"; };
		4213755A2A27C37D003CB81B /* CoreDataManager.swift */ = {isa = PBXFileReference; lastKnownFileType = sourcecode.swift; path = CoreDataManager.swift; sourceTree = "<group>"; };
		4213755D2A27FAE8003CB81B /* PlayersViewController.swift */ = {isa = PBXFileReference; lastKnownFileType = sourcecode.swift; path = PlayersViewController.swift; sourceTree = "<group>"; };
		4213755F2A27FB58003CB81B /* PlayersViewModel.swift */ = {isa = PBXFileReference; lastKnownFileType = sourcecode.swift; path = PlayersViewModel.swift; sourceTree = "<group>"; };
		421375612A27FE4B003CB81B /* Players.storyboard */ = {isa = PBXFileReference; lastKnownFileType = file.storyboard; path = Players.storyboard; sourceTree = "<group>"; };
		421375642A27FF64003CB81B /* PlayersTableViewCell.swift */ = {isa = PBXFileReference; lastKnownFileType = sourcecode.swift; path = PlayersTableViewCell.swift; sourceTree = "<group>"; };
		421375652A27FF64003CB81B /* PlayersTableViewCell.xib */ = {isa = PBXFileReference; lastKnownFileType = file.xib; path = PlayersTableViewCell.xib; sourceTree = "<group>"; };
		421375682A28282B003CB81B /* UpdatePlayerManager.swift */ = {isa = PBXFileReference; lastKnownFileType = sourcecode.swift; path = UpdatePlayerManager.swift; sourceTree = "<group>"; };
		42FA0D8B2A28DDC500B30337 /* ShotDetailViewController.swift */ = {isa = PBXFileReference; lastKnownFileType = sourcecode.swift; path = ShotDetailViewController.swift; sourceTree = "<group>"; };
		42FA0D8D2A28DEF300B30337 /* ShotDetailViewModel.swift */ = {isa = PBXFileReference; lastKnownFileType = sourcecode.swift; path = ShotDetailViewModel.swift; sourceTree = "<group>"; };
		42FA0D8F2A28DF0800B30337 /* ShotDetail.storyboard */ = {isa = PBXFileReference; lastKnownFileType = file.storyboard; path = ShotDetail.storyboard; sourceTree = "<group>"; };
		42FA0D912A29730100B30337 /* VideoManager.swift */ = {isa = PBXFileReference; lastKnownFileType = sourcecode.swift; path = VideoManager.swift; sourceTree = "<group>"; };
/* End PBXFileReference section */

/* Begin PBXFrameworksBuildPhase section */
		421375322A27A58E003CB81B /* Frameworks */ = {
			isa = PBXFrameworksBuildPhase;
			buildActionMask = 2147483647;
			files = (
			);
			runOnlyForDeploymentPostprocessing = 0;
		};
/* End PBXFrameworksBuildPhase section */

/* Begin PBXGroup section */
		420CA9A72A28513A00D98FE1 /* Shots */ = {
			isa = PBXGroup;
			children = (
				420CA9AE2A28C88B00D98FE1 /* Cells */,
				420CA9A82A28521300D98FE1 /* ShotsViewController.swift */,
				420CA9AA2A28522800D98FE1 /* ShotsViewModel.swift */,
				420CA9AC2A28523A00D98FE1 /* Shots.storyboard */,
			);
			path = Shots;
			sourceTree = "<group>";
		};
		420CA9AE2A28C88B00D98FE1 /* Cells */ = {
			isa = PBXGroup;
			children = (
				420CA9AF2A28C8AC00D98FE1 /* ShotsTableViewCell.swift */,
				420CA9B02A28C8AC00D98FE1 /* ShotsTableViewCell.xib */,
			);
			path = Cells;
			sourceTree = "<group>";
		};
		4213752C2A27A58E003CB81B = {
			isa = PBXGroup;
			children = (
				421375372A27A58E003CB81B /* ApiLocalStorageVideoRecorder */,
				421375362A27A58E003CB81B /* Products */,
			);
			sourceTree = "<group>";
		};
		421375362A27A58E003CB81B /* Products */ = {
			isa = PBXGroup;
			children = (
				421375352A27A58E003CB81B /* ApiLocalStorageVideoRecorder.app */,
			);
			name = Products;
			sourceTree = "<group>";
		};
		421375372A27A58E003CB81B /* ApiLocalStorageVideoRecorder */ = {
			isa = PBXGroup;
			children = (
				421375592A27C366003CB81B /* CoreData */,
				421375582A27C248003CB81B /* Pages */,
				421375552A27B854003CB81B /* Managers */,
				421375522A27AED8003CB81B /* Model */,
				421375382A27A58E003CB81B /* AppDelegate.swift */,
				4213753A2A27A58E003CB81B /* SceneDelegate.swift */,
				421375442A27A590003CB81B /* Assets.xcassets */,
				421375462A27A590003CB81B /* LaunchScreen.storyboard */,
				421375492A27A590003CB81B /* Info.plist */,
				421375412A27A58E003CB81B /* ApiLocalStorageVideoRecorder.xcdatamodeld */,
			);
			path = ApiLocalStorageVideoRecorder;
			sourceTree = "<group>";
		};
		421375522A27AED8003CB81B /* Model */ = {
			isa = PBXGroup;
			children = (
				421375532A27AEFE003CB81B /* PlayerModel.swift */,
			);
			path = Model;
			sourceTree = "<group>";
		};
		421375552A27B854003CB81B /* Managers */ = {
			isa = PBXGroup;
			children = (
				421375502A27AD45003CB81B /* NetworkManager.swift */,
				421375562A27B86C003CB81B /* PlayerManager.swift */,
				421375682A28282B003CB81B /* UpdatePlayerManager.swift */,
				42FA0D912A29730100B30337 /* VideoManager.swift */,
			);
			path = Managers;
			sourceTree = "<group>";
		};
		421375582A27C248003CB81B /* Pages */ = {
			isa = PBXGroup;
			children = (
				42FA0D8A2A28D4C400B30337 /* ShotDetail */,
				420CA9A72A28513A00D98FE1 /* Shots */,
				4213755C2A27FAC9003CB81B /* Players */,
			);
			path = Pages;
			sourceTree = "<group>";
		};
		421375592A27C366003CB81B /* CoreData */ = {
			isa = PBXGroup;
			children = (
				4213755A2A27C37D003CB81B /* CoreDataManager.swift */,
			);
			path = CoreData;
			sourceTree = "<group>";
		};
		4213755C2A27FAC9003CB81B /* Players */ = {
			isa = PBXGroup;
			children = (
				421375632A27FF3A003CB81B /* Cells */,
				4213755D2A27FAE8003CB81B /* PlayersViewController.swift */,
				4213755F2A27FB58003CB81B /* PlayersViewModel.swift */,
				421375612A27FE4B003CB81B /* Players.storyboard */,
			);
			path = Players;
			sourceTree = "<group>";
		};
		421375632A27FF3A003CB81B /* Cells */ = {
			isa = PBXGroup;
			children = (
				421375642A27FF64003CB81B /* PlayersTableViewCell.swift */,
				421375652A27FF64003CB81B /* PlayersTableViewCell.xib */,
			);
			path = Cells;
			sourceTree = "<group>";
		};
		42FA0D8A2A28D4C400B30337 /* ShotDetail */ = {
			isa = PBXGroup;
			children = (
				42FA0D8B2A28DDC500B30337 /* ShotDetailViewController.swift */,
				42FA0D8D2A28DEF300B30337 /* ShotDetailViewModel.swift */,
				42FA0D8F2A28DF0800B30337 /* ShotDetail.storyboard */,
			);
			path = ShotDetail;
			sourceTree = "<group>";
		};
/* End PBXGroup section */

/* Begin PBXNativeTarget section */
		421375342A27A58E003CB81B /* ApiLocalStorageVideoRecorder */ = {
			isa = PBXNativeTarget;
			buildConfigurationList = 4213754C2A27A590003CB81B /* Build configuration list for PBXNativeTarget "ApiLocalStorageVideoRecorder" */;
			buildPhases = (
				421375312A27A58E003CB81B /* Sources */,
				421375322A27A58E003CB81B /* Frameworks */,
				421375332A27A58E003CB81B /* Resources */,
			);
			buildRules = (
			);
			dependencies = (
			);
			name = ApiLocalStorageVideoRecorder;
			productName = ApiLocalStorageVideoRecorder;
			productReference = 421375352A27A58E003CB81B /* ApiLocalStorageVideoRecorder.app */;
			productType = "com.apple.product-type.application";
		};
/* End PBXNativeTarget section */

/* Begin PBXProject section */
		4213752D2A27A58E003CB81B /* Project object */ = {
			isa = PBXProject;
			attributes = {
				BuildIndependentTargetsInParallel = 1;
				LastSwiftUpdateCheck = 1430;
				LastUpgradeCheck = 1430;
				TargetAttributes = {
					421375342A27A58E003CB81B = {
						CreatedOnToolsVersion = 14.3;
					};
				};
			};
			buildConfigurationList = 421375302A27A58E003CB81B /* Build configuration list for PBXProject "ApiLocalStorageVideoRecorder" */;
			compatibilityVersion = "Xcode 14.0";
			developmentRegion = en;
			hasScannedForEncodings = 0;
			knownRegions = (
				en,
				Base,
			);
			mainGroup = 4213752C2A27A58E003CB81B;
			productRefGroup = 421375362A27A58E003CB81B /* Products */;
			projectDirPath = "";
			projectRoot = "";
			targets = (
				421375342A27A58E003CB81B /* ApiLocalStorageVideoRecorder */,
			);
		};
/* End PBXProject section */

/* Begin PBXResourcesBuildPhase section */
		421375332A27A58E003CB81B /* Resources */ = {
			isa = PBXResourcesBuildPhase;
			buildActionMask = 2147483647;
			files = (
				421375672A27FF64003CB81B /* PlayersTableViewCell.xib in Resources */,
				421375482A27A590003CB81B /* LaunchScreen.storyboard in Resources */,
				421375622A27FE4B003CB81B /* Players.storyboard in Resources */,
				42FA0D902A28DF0800B30337 /* ShotDetail.storyboard in Resources */,
				420CA9AD2A28523A00D98FE1 /* Shots.storyboard in Resources */,
				421375452A27A590003CB81B /* Assets.xcassets in Resources */,
				420CA9B22A28C8AC00D98FE1 /* ShotsTableViewCell.xib in Resources */,
			);
			runOnlyForDeploymentPostprocessing = 0;
		};
/* End PBXResourcesBuildPhase section */

/* Begin PBXSourcesBuildPhase section */
		421375312A27A58E003CB81B /* Sources */ = {
			isa = PBXSourcesBuildPhase;
			buildActionMask = 2147483647;
			files = (
				421375542A27AEFE003CB81B /* PlayerModel.swift in Sources */,
				42FA0D8E2A28DEF300B30337 /* ShotDetailViewModel.swift in Sources */,
				421375692A28282B003CB81B /* UpdatePlayerManager.swift in Sources */,
				420CA9AB2A28522800D98FE1 /* ShotsViewModel.swift in Sources */,
				421375432A27A58E003CB81B /* ApiLocalStorageVideoRecorder.xcdatamodeld in Sources */,
				421375572A27B86C003CB81B /* PlayerManager.swift in Sources */,
				421375512A27AD45003CB81B /* NetworkManager.swift in Sources */,
				421375392A27A58E003CB81B /* AppDelegate.swift in Sources */,
				4213755B2A27C37D003CB81B /* CoreDataManager.swift in Sources */,
				42FA0D922A29730100B30337 /* VideoManager.swift in Sources */,
				421375602A27FB58003CB81B /* PlayersViewModel.swift in Sources */,
				420CA9A92A28521300D98FE1 /* ShotsViewController.swift in Sources */,
				4213753B2A27A58E003CB81B /* SceneDelegate.swift in Sources */,
				420CA9B12A28C8AC00D98FE1 /* ShotsTableViewCell.swift in Sources */,
				421375662A27FF64003CB81B /* PlayersTableViewCell.swift in Sources */,
				4213755E2A27FAE8003CB81B /* PlayersViewController.swift in Sources */,
				42FA0D8C2A28DDC500B30337 /* ShotDetailViewController.swift in Sources */,
			);
			runOnlyForDeploymentPostprocessing = 0;
		};
/* End PBXSourcesBuildPhase section */

/* Begin PBXVariantGroup section */
		421375462A27A590003CB81B /* LaunchScreen.storyboard */ = {
			isa = PBXVariantGroup;
			children = (
				421375472A27A590003CB81B /* Base */,
			);
			name = LaunchScreen.storyboard;
			sourceTree = "<group>";
		};
/* End PBXVariantGroup section */

/* Begin XCBuildConfiguration section */
		4213754A2A27A590003CB81B /* Debug */ = {
			isa = XCBuildConfiguration;
			buildSettings = {
				ALWAYS_SEARCH_USER_PATHS = NO;
				CLANG_ANALYZER_NONNULL = YES;
				CLANG_ANALYZER_NUMBER_OBJECT_CONVERSION = YES_AGGRESSIVE;
				CLANG_CXX_LANGUAGE_STANDARD = "gnu++20";
				CLANG_ENABLE_MODULES = YES;
				CLANG_ENABLE_OBJC_ARC = YES;
				CLANG_ENABLE_OBJC_WEAK = YES;
				CLANG_WARN_BLOCK_CAPTURE_AUTORELEASING = YES;
				CLANG_WARN_BOOL_CONVERSION = YES;
				CLANG_WARN_COMMA = YES;
				CLANG_WARN_CONSTANT_CONVERSION = YES;
				CLANG_WARN_DEPRECATED_OBJC_IMPLEMENTATIONS = YES;
				CLANG_WARN_DIRECT_OBJC_ISA_USAGE = YES_ERROR;
				CLANG_WARN_DOCUMENTATION_COMMENTS = YES;
				CLANG_WARN_EMPTY_BODY = YES;
				CLANG_WARN_ENUM_CONVERSION = YES;
				CLANG_WARN_INFINITE_RECURSION = YES;
				CLANG_WARN_INT_CONVERSION = YES;
				CLANG_WARN_NON_LITERAL_NULL_CONVERSION = YES;
				CLANG_WARN_OBJC_IMPLICIT_RETAIN_SELF = YES;
				CLANG_WARN_OBJC_LITERAL_CONVERSION = YES;
				CLANG_WARN_OBJC_ROOT_CLASS = YES_ERROR;
				CLANG_WARN_QUOTED_INCLUDE_IN_FRAMEWORK_HEADER = YES;
				CLANG_WARN_RANGE_LOOP_ANALYSIS = YES;
				CLANG_WARN_STRICT_PROTOTYPES = YES;
				CLANG_WARN_SUSPICIOUS_MOVE = YES;
				CLANG_WARN_UNGUARDED_AVAILABILITY = YES_AGGRESSIVE;
				CLANG_WARN_UNREACHABLE_CODE = YES;
				CLANG_WARN__DUPLICATE_METHOD_MATCH = YES;
				COPY_PHASE_STRIP = NO;
				DEBUG_INFORMATION_FORMAT = dwarf;
				ENABLE_STRICT_OBJC_MSGSEND = YES;
				ENABLE_TESTABILITY = YES;
				GCC_C_LANGUAGE_STANDARD = gnu11;
				GCC_DYNAMIC_NO_PIC = NO;
				GCC_NO_COMMON_BLOCKS = YES;
				GCC_OPTIMIZATION_LEVEL = 0;
				GCC_PREPROCESSOR_DEFINITIONS = (
					"DEBUG=1",
					"$(inherited)",
				);
				GCC_WARN_64_TO_32_BIT_CONVERSION = YES;
				GCC_WARN_ABOUT_RETURN_TYPE = YES_ERROR;
				GCC_WARN_UNDECLARED_SELECTOR = YES;
				GCC_WARN_UNINITIALIZED_AUTOS = YES_AGGRESSIVE;
				GCC_WARN_UNUSED_FUNCTION = YES;
				GCC_WARN_UNUSED_VARIABLE = YES;
				IPHONEOS_DEPLOYMENT_TARGET = 16.4;
				MTL_ENABLE_DEBUG_INFO = INCLUDE_SOURCE;
				MTL_FAST_MATH = YES;
				ONLY_ACTIVE_ARCH = YES;
				SDKROOT = iphoneos;
				SWIFT_ACTIVE_COMPILATION_CONDITIONS = DEBUG;
				SWIFT_OPTIMIZATION_LEVEL = "-Onone";
			};
			name = Debug;
		};
		4213754B2A27A590003CB81B /* Release */ = {
			isa = XCBuildConfiguration;
			buildSettings = {
				ALWAYS_SEARCH_USER_PATHS = NO;
				CLANG_ANALYZER_NONNULL = YES;
				CLANG_ANALYZER_NUMBER_OBJECT_CONVERSION = YES_AGGRESSIVE;
				CLANG_CXX_LANGUAGE_STANDARD = "gnu++20";
				CLANG_ENABLE_MODULES = YES;
				CLANG_ENABLE_OBJC_ARC = YES;
				CLANG_ENABLE_OBJC_WEAK = YES;
				CLANG_WARN_BLOCK_CAPTURE_AUTORELEASING = YES;
				CLANG_WARN_BOOL_CONVERSION = YES;
				CLANG_WARN_COMMA = YES;
				CLANG_WARN_CONSTANT_CONVERSION = YES;
				CLANG_WARN_DEPRECATED_OBJC_IMPLEMENTATIONS = YES;
				CLANG_WARN_DIRECT_OBJC_ISA_USAGE = YES_ERROR;
				CLANG_WARN_DOCUMENTATION_COMMENTS = YES;
				CLANG_WARN_EMPTY_BODY = YES;
				CLANG_WARN_ENUM_CONVERSION = YES;
				CLANG_WARN_INFINITE_RECURSION = YES;
				CLANG_WARN_INT_CONVERSION = YES;
				CLANG_WARN_NON_LITERAL_NULL_CONVERSION = YES;
				CLANG_WARN_OBJC_IMPLICIT_RETAIN_SELF = YES;
				CLANG_WARN_OBJC_LITERAL_CONVERSION = YES;
				CLANG_WARN_OBJC_ROOT_CLASS = YES_ERROR;
				CLANG_WARN_QUOTED_INCLUDE_IN_FRAMEWORK_HEADER = YES;
				CLANG_WARN_RANGE_LOOP_ANALYSIS = YES;
				CLANG_WARN_STRICT_PROTOTYPES = YES;
				CLANG_WARN_SUSPICIOUS_MOVE = YES;
				CLANG_WARN_UNGUARDED_AVAILABILITY = YES_AGGRESSIVE;
				CLANG_WARN_UNREACHABLE_CODE = YES;
				CLANG_WARN__DUPLICATE_METHOD_MATCH = YES;
				COPY_PHASE_STRIP = NO;
				DEBUG_INFORMATION_FORMAT = "dwarf-with-dsym";
				ENABLE_NS_ASSERTIONS = NO;
				ENABLE_STRICT_OBJC_MSGSEND = YES;
				GCC_C_LANGUAGE_STANDARD = gnu11;
				GCC_NO_COMMON_BLOCKS = YES;
				GCC_WARN_64_TO_32_BIT_CONVERSION = YES;
				GCC_WARN_ABOUT_RETURN_TYPE = YES_ERROR;
				GCC_WARN_UNDECLARED_SELECTOR = YES;
				GCC_WARN_UNINITIALIZED_AUTOS = YES_AGGRESSIVE;
				GCC_WARN_UNUSED_FUNCTION = YES;
				GCC_WARN_UNUSED_VARIABLE = YES;
				IPHONEOS_DEPLOYMENT_TARGET = 16.4;
				MTL_ENABLE_DEBUG_INFO = NO;
				MTL_FAST_MATH = YES;
				SDKROOT = iphoneos;
				SWIFT_COMPILATION_MODE = wholemodule;
				SWIFT_OPTIMIZATION_LEVEL = "-O";
				VALIDATE_PRODUCT = YES;
			};
			name = Release;
		};
		4213754D2A27A590003CB81B /* Debug */ = {
			isa = XCBuildConfiguration;
			buildSettings = {
				ASSETCATALOG_COMPILER_APPICON_NAME = AppIcon;
				ASSETCATALOG_COMPILER_GLOBAL_ACCENT_COLOR_NAME = AccentColor;
				CODE_SIGN_STYLE = Automatic;
				CURRENT_PROJECT_VERSION = 1;
				DEVELOPMENT_TEAM = 8UCYVYPJTR;
				GENERATE_INFOPLIST_FILE = YES;
				INFOPLIST_FILE = ApiLocalStorageVideoRecorder/Info.plist;
				INFOPLIST_KEY_NSCameraUsageDescription = "";
				INFOPLIST_KEY_UIApplicationSupportsIndirectInputEvents = YES;
				INFOPLIST_KEY_UILaunchStoryboardName = LaunchScreen;
				INFOPLIST_KEY_UIMainStoryboardFile = Players;
				INFOPLIST_KEY_UISupportedInterfaceOrientations = "UIInterfaceOrientationLandscapeLeft UIInterfaceOrientationLandscapeRight UIInterfaceOrientationPortrait UIInterfaceOrientationPortraitUpsideDown";
				INFOPLIST_KEY_UISupportsDocumentBrowser = YES;
				IPHONEOS_DEPLOYMENT_TARGET = 15.0;
				LD_RUNPATH_SEARCH_PATHS = (
					"$(inherited)",
					"@executable_path/Frameworks",
				);
				MARKETING_VERSION = 1.0;
				PRODUCT_BUNDLE_IDENTIFIER = com.tugberkmasat.ApiLocalStorageVideoRecorder;
				PRODUCT_NAME = "$(TARGET_NAME)";
				SWIFT_EMIT_LOC_STRINGS = YES;
				SWIFT_VERSION = 5.0;
				TARGETED_DEVICE_FAMILY = "1,2";
			};
			name = Debug;
		};
		4213754E2A27A590003CB81B /* Release */ = {
			isa = XCBuildConfiguration;
			buildSettings = {
				ASSETCATALOG_COMPILER_APPICON_NAME = AppIcon;
				ASSETCATALOG_COMPILER_GLOBAL_ACCENT_COLOR_NAME = AccentColor;
				CODE_SIGN_STYLE = Automatic;
				CURRENT_PROJECT_VERSION = 1;
				DEVELOPMENT_TEAM = 8UCYVYPJTR;
				GENERATE_INFOPLIST_FILE = YES;
				INFOPLIST_FILE = ApiLocalStorageVideoRecorder/Info.plist;
				INFOPLIST_KEY_NSCameraUsageDescription = "";
				INFOPLIST_KEY_UIApplicationSupportsIndirectInputEvents = YES;
				INFOPLIST_KEY_UILaunchStoryboardName = LaunchScreen;
				INFOPLIST_KEY_UIMainStoryboardFile = Players;
				INFOPLIST_KEY_UISupportedInterfaceOrientations = "UIInterfaceOrientationLandscapeLeft UIInterfaceOrientationLandscapeRight UIInterfaceOrientationPortrait UIInterfaceOrientationPortraitUpsideDown";
				INFOPLIST_KEY_UISupportsDocumentBrowser = YES;
				IPHONEOS_DEPLOYMENT_TARGET = 15.0;
				LD_RUNPATH_SEARCH_PATHS = (
					"$(inherited)",
					"@executable_path/Frameworks",
				);
				MARKETING_VERSION = 1.0;
				PRODUCT_BUNDLE_IDENTIFIER = com.tugberkmasat.ApiLocalStorageVideoRecorder;
				PRODUCT_NAME = "$(TARGET_NAME)";
				SWIFT_EMIT_LOC_STRINGS = YES;
				SWIFT_VERSION = 5.0;
				TARGETED_DEVICE_FAMILY = "1,2";
			};
			name = Release;
		};
/* End XCBuildConfiguration section */

/* Begin XCConfigurationList section */
		421375302A27A58E003CB81B /* Build configuration list for PBXProject "ApiLocalStorageVideoRecorder" */ = {
			isa = XCConfigurationList;
			buildConfigurations = (
				4213754A2A27A590003CB81B /* Debug */,
				4213754B2A27A590003CB81B /* Release */,
			);
			defaultConfigurationIsVisible = 0;
			defaultConfigurationName = Release;
		};
		4213754C2A27A590003CB81B /* Build configuration list for PBXNativeTarget "ApiLocalStorageVideoRecorder" */ = {
			isa = XCConfigurationList;
			buildConfigurations = (
				4213754D2A27A590003CB81B /* Debug */,
				4213754E2A27A590003CB81B /* Release */,
			);
			defaultConfigurationIsVisible = 0;
			defaultConfigurationName = Release;
		};
/* End XCConfigurationList section */

/* Begin XCVersionGroup section */
		421375412A27A58E003CB81B /* ApiLocalStorageVideoRecorder.xcdatamodeld */ = {
			isa = XCVersionGroup;
			children = (
				421375422A27A58E003CB81B /* ApiLocalStorageVideoRecorder.xcdatamodel */,
			);
			currentVersion = 421375422A27A58E003CB81B /* ApiLocalStorageVideoRecorder.xcdatamodel */;
			path = ApiLocalStorageVideoRecorder.xcdatamodeld;
			sourceTree = "<group>";
			versionGroupType = wrapper.xcdatamodel;
		};
/* End XCVersionGroup section */
	};
	rootObject = 4213752D2A27A58E003CB81B /* Project object */;
}
