// !$*UTF8*$!
{
	archiveVersion = 1;
	classes = {
	};
	objectVersion = 56;
	objects = {

/* Begin PBXBuildFile section */
		421375392A27A58E003CB81B /* AppDelegate.swift in Sources */ = {isa = PBXBuildFile; fileRef = 421375382A27A58E003CB81B /* AppDelegate.swift */; };
		4213753B2A27A58E003CB81B /* SceneDelegate.swift in Sources */ = {isa = PBXBuildFile; fileRef = 4213753A2A27A58E003CB81B /* SceneDelegate.swift */; };
		4213753D2A27A58E003CB81B /* ViewController.swift in Sources */ = {isa = PBXBuildFile; fileRef = 4213753C2A27A58E003CB81B /* ViewController.swift */; };
		421375402A27A58E003CB81B /* Main.storyboard in Resources */ = {isa = PBXBuildFile; fileRef = 4213753E2A27A58E003CB81B /* Main.storyboard */; };
		421375432A27A58E003CB81B /* ApiLocalStorageVideoRecorder.xcdatamodeld in Sources */ = {isa = PBXBuildFile; fileRef = 421375412A27A58E003CB81B /* ApiLocalStorageVideoRecorder.xcdatamodeld */; };
		421375452A27A590003CB81B /* Assets.xcassets in Resources */ = {isa = PBXBuildFile; fileRef = 421375442A27A590003CB81B /* Assets.xcassets */; };
		421375482A27A590003CB81B /* LaunchScreen.storyboard in Resources */ = {isa = PBXBuildFile; fileRef = 421375462A27A590003CB81B /* LaunchScreen.storyboard */; };
/* End PBXBuildFile section */

/* Begin PBXFileReference section */
		421375352A27A58E003CB81B /* ApiLocalStorageVideoRecorder.app */ = {isa = PBXFileReference; explicitFileType = wrapper.application; includeInIndex = 0; path = ApiLocalStorageVideoRecorder.app; sourceTree = BUILT_PRODUCTS_DIR; };
		421375382A27A58E003CB81B /* AppDelegate.swift */ = {isa = PBXFileReference; lastKnownFileType = sourcecode.swift; path = AppDelegate.swift; sourceTree = "<group>"; };
		4213753A2A27A58E003CB81B /* SceneDelegate.swift */ = {isa = PBXFileReference; lastKnownFileType = sourcecode.swift; path = SceneDelegate.swift; sourceTree = "<group>"; };
		4213753C2A27A58E003CB81B /* ViewController.swift */ = {isa = PBXFileReference; lastKnownFileType = sourcecode.swift; path = ViewController.swift; sourceTree = "<group>"; };
		4213753F2A27A58E003CB81B /* Base */ = {isa = PBXFileReference; lastKnownFileType = file.storyboard; name = Base; path = Base.lproj/Main.storyboard; sourceTree = "<group>"; };
		421375422A27A58E003CB81B /* ApiLocalStorageVideoRecorder.xcdatamodel */ = {isa = PBXFileReference; lastKnownFileType = wrapper.xcdatamodel; path = ApiLocalStorageVideoRecorder.xcdatamodel; sourceTree = "<group>"; };
		421375442A27A590003CB81B /* Assets.xcassets */ = {isa = PBXFileReference; lastKnownFileType = folder.assetcatalog; path = Assets.xcassets; sourceTree = "<group>"; };
		421375472A27A590003CB81B /* Base */ = {isa = PBXFileReference; lastKnownFileType = file.storyboard; name = Base; path = Base.lproj/LaunchScreen.storyboard; sourceTree = "<group>"; };
		421375492A27A590003CB81B /* Info.plist */ = {isa = PBXFileReference; lastKnownFileType = text.plist.xml; path = Info.plist; sourceTree = "<group>"; };
/* End PBXFileReference section */

/* Begin PBXFrameworksBuildPhase section */
		421375322A27A58E003CB81B /* Frameworks */ = {
			isa = PBXFrameworksBuildPhase;
			buildActionMask = 2147483647;
			files = (
			);
			runOnlyForDeploymentPostprocessing = 0;
		};
/* End PBXFrameworksBuildPhase section */

/* Begin PBXGroup section */
		4213752C2A27A58E003CB81B = {
			isa = PBXGroup;
			children = (
				421375372A27A58E003CB81B /* ApiLocalStorageVideoRecorder */,
				421375362A27A58E003CB81B /* Products */,
			);
			sourceTree = "<group>";
		};
		421375362A27A58E003CB81B /* Products */ = {
			isa = PBXGroup;
			children = (
				421375352A27A58E003CB81B /* ApiLocalStorageVideoRecorder.app */,
			);
			name = Products;
			sourceTree = "<group>";
		};
		421375372A27A58E003CB81B /* ApiLocalStorageVideoRecorder */ = {
			isa = PBXGroup;
			children = (
				421375382A27A58E003CB81B /* AppDelegate.swift */,
				4213753A2A27A58E003CB81B /* SceneDelegate.swift */,
				4213753C2A27A58E003CB81B /* ViewController.swift */,
				4213753E2A27A58E003CB81B /* Main.storyboard */,
				421375442A27A590003CB81B /* Assets.xcassets */,
				421375462A27A590003CB81B /* LaunchScreen.storyboard */,
				421375492A27A590003CB81B /* Info.plist */,
				421375412A27A58E003CB81B /* ApiLocalStorageVideoRecorder.xcdatamodeld */,
			);
			path = ApiLocalStorageVideoRecorder;
			sourceTree = "<group>";
		};
/* End PBXGroup section */

/* Begin PBXNativeTarget section */
		421375342A27A58E003CB81B /* ApiLocalStorageVideoRecorder */ = {
			isa = PBXNativeTarget;
			buildConfigurationList = 4213754C2A27A590003CB81B /* Build configuration list for PBXNativeTarget "ApiLocalStorageVideoRecorder" */;
			buildPhases = (
				421375312A27A58E003CB81B /* Sources */,
				421375322A27A58E003CB81B /* Frameworks */,
				421375332A27A58E003CB81B /* Resources */,
			);
			buildRules = (
			);
			dependencies = (
			);
			name = ApiLocalStorageVideoRecorder;
			productName = ApiLocalStorageVideoRecorder;
			productReference = 421375352A27A58E003CB81B /* ApiLocalStorageVideoRecorder.app */;
			productType = "com.apple.product-type.application";
		};
/* End PBXNativeTarget section */

/* Begin PBXProject section */
		4213752D2A27A58E003CB81B /* Project object */ = {
			isa = PBXProject;
			attributes = {
				BuildIndependentTargetsInParallel = 1;
				LastSwiftUpdateCheck = 1430;
				LastUpgradeCheck = 1430;
				TargetAttributes = {
					421375342A27A58E003CB81B = {
						CreatedOnToolsVersion = 14.3;
					};
				};
			};
			buildConfigurationList = 421375302A27A58E003CB81B /* Build configuration list for PBXProject "ApiLocalStorageVideoRecorder" */;
			compatibilityVersion = "Xcode 14.0";
			developmentRegion = en;
			hasScannedForEncodings = 0;
			knownRegions = (
				en,
				Base,
			);
			mainGroup = 4213752C2A27A58E003CB81B;
			productRefGroup = 421375362A27A58E003CB81B /* Products */;
			projectDirPath = "";
			projectRoot = "";
			targets = (
				421375342A27A58E003CB81B /* ApiLocalStorageVideoRecorder */,
			);
		};
/* End PBXProject section */

/* Begin PBXResourcesBuildPhase section */
		421375332A27A58E003CB81B /* Resources */ = {
			isa = PBXResourcesBuildPhase;
			buildActionMask = 2147483647;
			files = (
				421375482A27A590003CB81B /* LaunchScreen.storyboard in Resources */,
				421375452A27A590003CB81B /* Assets.xcassets in Resources */,
				421375402A27A58E003CB81B /* Main.storyboard in Resources */,
			);
			runOnlyForDeploymentPostprocessing = 0;
		};
/* End PBXResourcesBuildPhase section */

/* Begin PBXSourcesBuildPhase section */
		421375312A27A58E003CB81B /* Sources */ = {
			isa = PBXSourcesBuildPhase;
			buildActionMask = 2147483647;
			files = (
				421375432A27A58E003CB81B /* ApiLocalStorageVideoRecorder.xcdatamodeld in Sources */,
				4213753D2A27A58E003CB81B /* ViewController.swift in Sources */,
				421375392A27A58E003CB81B /* AppDelegate.swift in Sources */,
				4213753B2A27A58E003CB81B /* SceneDelegate.swift in Sources */,
			);
			runOnlyForDeploymentPostprocessing = 0;
		};
/* End PBXSourcesBuildPhase section */

/* Begin PBXVariantGroup section */
		4213753E2A27A58E003CB81B /* Main.storyboard */ = {
			isa = PBXVariantGroup;
			children = (
				4213753F2A27A58E003CB81B /* Base */,
			);
			name = Main.storyboard;
			sourceTree = "<group>";
		};
		421375462A27A590003CB81B /* LaunchScreen.storyboard */ = {
			isa = PBXVariantGroup;
			children = (
				421375472A27A590003CB81B /* Base */,
			);
			name = LaunchScreen.storyboard;
			sourceTree = "<group>";
		};
/* End PBXVariantGroup section */

/* Begin XCBuildConfiguration section */
		4213754A2A27A590003CB81B /* Debug */ = {
			isa = XCBuildConfiguration;
			buildSettings = {
				ALWAYS_SEARCH_USER_PATHS = NO;
				CLANG_ANALYZER_NONNULL = YES;
				CLANG_ANALYZER_NUMBER_OBJECT_CONVERSION = YES_AGGRESSIVE;
				CLANG_CXX_LANGUAGE_STANDARD = "gnu++20";
				CLANG_ENABLE_MODULES = YES;
				CLANG_ENABLE_OBJC_ARC = YES;
				CLANG_ENABLE_OBJC_WEAK = YES;
				CLANG_WARN_BLOCK_CAPTURE_AUTORELEASING = YES;
				CLANG_WARN_BOOL_CONVERSION = YES;
				CLANG_WARN_COMMA = YES;
				CLANG_WARN_CONSTANT_CONVERSION = YES;
				CLANG_WARN_DEPRECATED_OBJC_IMPLEMENTATIONS = YES;
				CLANG_WARN_DIRECT_OBJC_ISA_USAGE = YES_ERROR;
				CLANG_WARN_DOCUMENTATION_COMMENTS = YES;
				CLANG_WARN_EMPTY_BODY = YES;
				CLANG_WARN_ENUM_CONVERSION = YES;
				CLANG_WARN_INFINITE_RECURSION = YES;
				CLANG_WARN_INT_CONVERSION = YES;
				CLANG_WARN_NON_LITERAL_NULL_CONVERSION = YES;
				CLANG_WARN_OBJC_IMPLICIT_RETAIN_SELF = YES;
				CLANG_WARN_OBJC_LITERAL_CONVERSION = YES;
				CLANG_WARN_OBJC_ROOT_CLASS = YES_ERROR;
				CLANG_WARN_QUOTED_INCLUDE_IN_FRAMEWORK_HEADER = YES;
				CLANG_WARN_RANGE_LOOP_ANALYSIS = YES;
				CLANG_WARN_STRICT_PROTOTYPES = YES;
				CLANG_WARN_SUSPICIOUS_MOVE = YES;
				CLANG_WARN_UNGUARDED_AVAILABILITY = YES_AGGRESSIVE;
				CLANG_WARN_UNREACHABLE_CODE = YES;
				CLANG_WARN__DUPLICATE_METHOD_MATCH = YES;
				COPY_PHASE_STRIP = NO;
				DEBUG_INFORMATION_FORMAT = dwarf;
				ENABLE_STRICT_OBJC_MSGSEND = YES;
				ENABLE_TESTABILITY = YES;
				GCC_C_LANGUAGE_STANDARD = gnu11;
				GCC_DYNAMIC_NO_PIC = NO;
				GCC_NO_COMMON_BLOCKS = YES;
				GCC_OPTIMIZATION_LEVEL = 0;
				GCC_PREPROCESSOR_DEFINITIONS = (
					"DEBUG=1",
					"$(inherited)",
				);
				GCC_WARN_64_TO_32_BIT_CONVERSION = YES;
				GCC_WARN_ABOUT_RETURN_TYPE = YES_ERROR;
				GCC_WARN_UNDECLARED_SELECTOR = YES;
				GCC_WARN_UNINITIALIZED_AUTOS = YES_AGGRESSIVE;
				GCC_WARN_UNUSED_FUNCTION = YES;
				GCC_WARN_UNUSED_VARIABLE = YES;
				IPHONEOS_DEPLOYMENT_TARGET = 16.4;
				MTL_ENABLE_DEBUG_INFO = INCLUDE_SOURCE;
				MTL_FAST_MATH = YES;
				ONLY_ACTIVE_ARCH = YES;
				SDKROOT = iphoneos;
				SWIFT_ACTIVE_COMPILATION_CONDITIONS = DEBUG;
				SWIFT_OPTIMIZATION_LEVEL = "-Onone";
			};
			name = Debug;
		};
		4213754B2A27A590003CB81B /* Release */ = {
			isa = XCBuildConfiguration;
			buildSettings = {
				ALWAYS_SEARCH_USER_PATHS = NO;
				CLANG_ANALYZER_NONNULL = YES;
				CLANG_ANALYZER_NUMBER_OBJECT_CONVERSION = YES_AGGRESSIVE;
				CLANG_CXX_LANGUAGE_STANDARD = "gnu++20";
				CLANG_ENABLE_MODULES = YES;
				CLANG_ENABLE_OBJC_ARC = YES;
				CLANG_ENABLE_OBJC_WEAK = YES;
				CLANG_WARN_BLOCK_CAPTURE_AUTORELEASING = YES;
				CLANG_WARN_BOOL_CONVERSION = YES;
				CLANG_WARN_COMMA = YES;
				CLANG_WARN_CONSTANT_CONVERSION = YES;
				CLANG_WARN_DEPRECATED_OBJC_IMPLEMENTATIONS = YES;
				CLANG_WARN_DIRECT_OBJC_ISA_USAGE = YES_ERROR;
				CLANG_WARN_DOCUMENTATION_COMMENTS = YES;
				CLANG_WARN_EMPTY_BODY = YES;
				CLANG_WARN_ENUM_CONVERSION = YES;
				CLANG_WARN_INFINITE_RECURSION = YES;
				CLANG_WARN_INT_CONVERSION = YES;
				CLANG_WARN_NON_LITERAL_NULL_CONVERSION = YES;
				CLANG_WARN_OBJC_IMPLICIT_RETAIN_SELF = YES;
				CLANG_WARN_OBJC_LITERAL_CONVERSION = YES;
				CLANG_WARN_OBJC_ROOT_CLASS = YES_ERROR;
				CLANG_WARN_QUOTED_INCLUDE_IN_FRAMEWORK_HEADER = YES;
				CLANG_WARN_RANGE_LOOP_ANALYSIS = YES;
				CLANG_WARN_STRICT_PROTOTYPES = YES;
				CLANG_WARN_SUSPICIOUS_MOVE = YES;
				CLANG_WARN_UNGUARDED_AVAILABILITY = YES_AGGRESSIVE;
				CLANG_WARN_UNREACHABLE_CODE = YES;
				CLANG_WARN__DUPLICATE_METHOD_MATCH = YES;
				COPY_PHASE_STRIP = NO;
				DEBUG_INFORMATION_FORMAT = "dwarf-with-dsym";
				ENABLE_NS_ASSERTIONS = NO;
				ENABLE_STRICT_OBJC_MSGSEND = YES;
				GCC_C_LANGUAGE_STANDARD = gnu11;
				GCC_NO_COMMON_BLOCKS = YES;
				GCC_WARN_64_TO_32_BIT_CONVERSION = YES;
				GCC_WARN_ABOUT_RETURN_TYPE = YES_ERROR;
				GCC_WARN_UNDECLARED_SELECTOR = YES;
				GCC_WARN_UNINITIALIZED_AUTOS = YES_AGGRESSIVE;
				GCC_WARN_UNUSED_FUNCTION = YES;
				GCC_WARN_UNUSED_VARIABLE = YES;
				IPHONEOS_DEPLOYMENT_TARGET = 16.4;
				MTL_ENABLE_DEBUG_INFO = NO;
				MTL_FAST_MATH = YES;
				SDKROOT = iphoneos;
				SWIFT_COMPILATION_MODE = wholemodule;
				SWIFT_OPTIMIZATION_LEVEL = "-O";
				VALIDATE_PRODUCT = YES;
			};
			name = Release;
		};
		4213754D2A27A590003CB81B /* Debug */ = {
			isa = XCBuildConfiguration;
			buildSettings = {
				ASSETCATALOG_COMPILER_APPICON_NAME = AppIcon;
				ASSETCATALOG_COMPILER_GLOBAL_ACCENT_COLOR_NAME = AccentColor;
				CODE_SIGN_STYLE = Automatic;
				CURRENT_PROJECT_VERSION = 1;
				DEVELOPMENT_TEAM = 8UCYVYPJTR;
				GENERATE_INFOPLIST_FILE = YES;
				INFOPLIST_FILE = ApiLocalStorageVideoRecorder/Info.plist;
				INFOPLIST_KEY_UIApplicationSupportsIndirectInputEvents = YES;
				INFOPLIST_KEY_UILaunchStoryboardName = LaunchScreen;
				INFOPLIST_KEY_UIMainStoryboardFile = Main;
				INFOPLIST_KEY_UISupportedInterfaceOrientations_iPad = "UIInterfaceOrientationPortrait UIInterfaceOrientationPortraitUpsideDown UIInterfaceOrientationLandscapeLeft UIInterfaceOrientationLandscapeRight";
				INFOPLIST_KEY_UISupportedInterfaceOrientations_iPhone = "UIInterfaceOrientationPortrait UIInterfaceOrientationLandscapeLeft UIInterfaceOrientationLandscapeRight";
				LD_RUNPATH_SEARCH_PATHS = (
					"$(inherited)",
					"@executable_path/Frameworks",
				);
				MARKETING_VERSION = 1.0;
				PRODUCT_BUNDLE_IDENTIFIER = com.tugberkmasat.ApiLocalStorageVideoRecorder;
				PRODUCT_NAME = "$(TARGET_NAME)";
				SWIFT_EMIT_LOC_STRINGS = YES;
				SWIFT_VERSION = 5.0;
				TARGETED_DEVICE_FAMILY = "1,2";
			};
			name = Debug;
		};
		4213754E2A27A590003CB81B /* Release */ = {
			isa = XCBuildConfiguration;
			buildSettings = {
				ASSETCATALOG_COMPILER_APPICON_NAME = AppIcon;
				ASSETCATALOG_COMPILER_GLOBAL_ACCENT_COLOR_NAME = AccentColor;
				CODE_SIGN_STYLE = Automatic;
				CURRENT_PROJECT_VERSION = 1;
				DEVELOPMENT_TEAM = 8UCYVYPJTR;
				GENERATE_INFOPLIST_FILE = YES;
				INFOPLIST_FILE = ApiLocalStorageVideoRecorder/Info.plist;
				INFOPLIST_KEY_UIApplicationSupportsIndirectInputEvents = YES;
				INFOPLIST_KEY_UILaunchStoryboardName = LaunchScreen;
				INFOPLIST_KEY_UIMainStoryboardFile = Main;
				INFOPLIST_KEY_UISupportedInterfaceOrientations_iPad = "UIInterfaceOrientationPortrait UIInterfaceOrientationPortraitUpsideDown UIInterfaceOrientationLandscapeLeft UIInterfaceOrientationLandscapeRight";
				INFOPLIST_KEY_UISupportedInterfaceOrientations_iPhone = "UIInterfaceOrientationPortrait UIInterfaceOrientationLandscapeLeft UIInterfaceOrientationLandscapeRight";
				LD_RUNPATH_SEARCH_PATHS = (
					"$(inherited)",
					"@executable_path/Frameworks",
				);
				MARKETING_VERSION = 1.0;
				PRODUCT_BUNDLE_IDENTIFIER = com.tugberkmasat.ApiLocalStorageVideoRecorder;
				PRODUCT_NAME = "$(TARGET_NAME)";
				SWIFT_EMIT_LOC_STRINGS = YES;
				SWIFT_VERSION = 5.0;
				TARGETED_DEVICE_FAMILY = "1,2";
			};
			name = Release;
		};
/* End XCBuildConfiguration section */

/* Begin XCConfigurationList section */
		421375302A27A58E003CB81B /* Build configuration list for PBXProject "ApiLocalStorageVideoRecorder" */ = {
			isa = XCConfigurationList;
			buildConfigurations = (
				4213754A2A27A590003CB81B /* Debug */,
				4213754B2A27A590003CB81B /* Release */,
			);
			defaultConfigurationIsVisible = 0;
			defaultConfigurationName = Release;
		};
		4213754C2A27A590003CB81B /* Build configuration list for PBXNativeTarget "ApiLocalStorageVideoRecorder" */ = {
			isa = XCConfigurationList;
			buildConfigurations = (
				4213754D2A27A590003CB81B /* Debug */,
				4213754E2A27A590003CB81B /* Release */,
			);
			defaultConfigurationIsVisible = 0;
			defaultConfigurationName = Release;
		};
/* End XCConfigurationList section */

/* Begin XCVersionGroup section */
		421375412A27A58E003CB81B /* ApiLocalStorageVideoRecorder.xcdatamodeld */ = {
			isa = XCVersionGroup;
			children = (
				421375422A27A58E003CB81B /* ApiLocalStorageVideoRecorder.xcdatamodel */,
			);
			currentVersion = 421375422A27A58E003CB81B /* ApiLocalStorageVideoRecorder.xcdatamodel */;
			path = ApiLocalStorageVideoRecorder.xcdatamodeld;
			sourceTree = "<group>";
			versionGroupType = wrapper.xcdatamodel;
		};
/* End XCVersionGroup section */
	};
	rootObject = 4213752D2A27A58E003CB81B /* Project object */;
}
